<?xml version="1.0" encoding="utf-8"?>
<Project ToolsVersion="4.0" xmlns="http://schemas.microsoft.com/developer/msbuild/2003">
  <ItemGroup>
    <Filter Include="Source Files">
      <UniqueIdentifier>{4FC737F1-C7A5-4376-A066-2A32D752A2FF}</UniqueIdentifier>
      <Extensions>cpp;c;cc;cxx;def;odl;idl;hpj;bat;asm;asmx</Extensions>
    </Filter>
    <Filter Include="Header Files">
      <UniqueIdentifier>{93995380-89BD-4b04-88EB-625FBE52EBFB}</UniqueIdentifier>
      <Extensions>h;hh;hpp;hxx;hm;inl;inc;xsd</Extensions>
    </Filter>
    <Filter Include="Resource Files">
      <UniqueIdentifier>{67DA6AB6-F800-4c08-8B7A-83BB121AAD01}</UniqueIdentifier>
      <Extensions>rc;ico;cur;bmp;dlg;rc2;rct;bin;rgs;gif;jpg;jpeg;jpe;resx;tiff;tif;png;wav;mfcribbon-ms</Extensions>
    </Filter>
  </ItemGroup>
  <ItemGroup>
    <ClInclude Include="header\binarysearch.h">
      <Filter>Header Files</Filter>
    </ClInclude>
    <ClInclude Include="header\binarytree.h">
      <Filter>Header Files</Filter>
    </ClInclude>
    <ClInclude Include="header\board.h">
      <Filter>Header Files</Filter>
    </ClInclude>
    <ClInclude Include="header\computeparity.h">
      <Filter>Header Files</Filter>
    </ClInclude>
    <ClInclude Include="header\convertbase.h">
      <Filter>Header Files</Filter>
    </ClInclude>
    <ClInclude Include="header\dynamicprogramming.h">
      <Filter>Header Files</Filter>
    </ClInclude>
    <ClInclude Include="header\hashletter.h">
      <Filter>Header Files</Filter>
    </ClInclude>
    <ClInclude Include="header\heapmerge.h">
      <Filter>Header Files</Filter>
    </ClInclude>
    <ClInclude Include="header\listcycle.h">
      <Filter>Header Files</Filter>
    </ClInclude>
    <ClInclude Include="header\maxstack.h">
      <Filter>Header Files</Filter>
    </ClInclude>
    <ClInclude Include="header\narytree.h">
      <Filter>Header Files</Filter>
    </ClInclude>
    <ClInclude Include="header\pairsum.h">
      <Filter>Header Files</Filter>
    </ClInclude>
    <ClInclude Include="header\powerset.h">
      <Filter>Header Files</Filter>
    </ClInclude>
    <ClInclude Include="header\queens.h">
      <Filter>Header Files</Filter>
    </ClInclude>
    <ClInclude Include="header\sorting.h">
      <Filter>Header Files</Filter>
    </ClInclude>
    <ClInclude Include="header\testsuite.h">
      <Filter>Header Files</Filter>
    </ClInclude>
    <ClInclude Include="header\unittest.h">
      <Filter>Header Files</Filter>
    </ClInclude>
  </ItemGroup>
  <ItemGroup>
    <ClCompile Include="source\binarysearch.cpp">
      <Filter>Source Files</Filter>
    </ClCompile>
    <ClCompile Include="source\binarytree.cpp">
      <Filter>Source Files</Filter>
    </ClCompile>
    <ClCompile Include="source\board.cpp">
      <Filter>Source Files</Filter>
    </ClCompile>
    <ClCompile Include="source\computeparity.cpp">
      <Filter>Source Files</Filter>
    </ClCompile>
    <ClCompile Include="source\convertbase.cpp">
      <Filter>Source Files</Filter>
    </ClCompile>
    <ClCompile Include="source\dynamicprogramming.cpp">
      <Filter>Source Files</Filter>
    </ClCompile>
    <ClCompile Include="source\hashletter.cpp">
      <Filter>Source Files</Filter>
    </ClCompile>
    <ClCompile Include="source\heapmerge.cpp">
      <Filter>Source Files</Filter>
    </ClCompile>
    <ClCompile Include="source\listcycle.cpp">
      <Filter>Source Files</Filter>
    </ClCompile>
    <ClCompile Include="source\main.cpp">
      <Filter>Source Files</Filter>
    </ClCompile>
    <ClCompile Include="source\maxstack.cpp">
      <Filter>Source Files</Filter>
    </ClCompile>
    <ClCompile Include="source\narytree.cpp">
      <Filter>Source Files</Filter>
    </ClCompile>
    <ClCompile Include="source\pairsum.cpp">
      <Filter>Source Files</Filter>
    </ClCompile>
    <ClCompile Include="source\powerset.cpp">
      <Filter>Source Files</Filter>
    </ClCompile>
    <ClCompile Include="source\queens.cpp">
      <Filter>Source Files</Filter>
    </ClCompile>
    <ClCompile Include="source\sorting.cpp">
      <Filter>Source Files</Filter>
    </ClCompile>
    <ClCompile Include="source\testsuite.cpp">
      <Filter>Source Files</Filter>
    </ClCompile>
    <ClCompile Include="source\unittest.cpp">
      <Filter>Source Files</Filter>
    </ClCompile>
  </ItemGroup>
</Project>